Microsoft Visual Studio Solution File, Format Version 12.00
# Visual Studio Version 17
VisualStudioVersion = 17.5.2.0
MinimumVisualStudioVersion = 10.0.40219.1
Project("{FAE04EC0-301F-11D3-BF4B-00C04F79EFBC}") = "ClearView", "ClearView.csproj", "{59617BAE-52A0-F4A1-ABBC-68C5CBAA8491}"
EndProject
Global
	GlobalSection(SolutionConfigurationPlatforms) = preSolution
		Debug|Any CPU = Debug|Any CPU
		Release|Any CPU = Release|Any CPU
	EndGlobalSection
	GlobalSection(ProjectConfigurationPlatforms) = postSolution
		{59617BAE-52A0-F4A1-ABBC-68C5CBAA8491}.Debug|Any CPU.ActiveCfg = Debug|Any CPU
		{59617BAE-52A0-F4A1-ABBC-68C5CBAA8491}.Debug|Any CPU.Build.0 = Debug|Any CPU
		{59617BAE-52A0-F4A1-ABBC-68C5CBAA8491}.Release|Any CPU.ActiveCfg = Release|Any CPU
		{59617BAE-52A0-F4A1-ABBC-68C5CBAA8491}.Release|Any CPU.Build.0 = Release|Any CPU
	EndGlobalSection
	GlobalSection(SolutionProperties) = preSolution
		HideSolutionNode = FALSE
	EndGlobalSection
	GlobalSection(ExtensibilityGlobals) = postSolution
		SolutionGuid = {38E9AE32-9301-45BD-B307-9303437EEDB5}
	EndGlobalSection
EndGlobal
